
Microsoft Visual Studio Solution File, Format Version 12.00
# Visual Studio Version 17
VisualStudioVersion = 17.9.34607.119
MinimumVisualStudioVersion = 10.0.40219.1
Project("{FAE04EC0-301F-11D3-BF4B-00C04F79EFBC}") = "ConsoleApp1", "ConsoleApp1\ConsoleApp1.csproj", "{4244F9DD-9A1B-4586-BBFC-FCB0BA5A11CB}"
EndProject
Global
	GlobalSection(SolutionConfigurationPlatforms) = preSolution
		Debug|Any CPU = Debug|Any CPU
		Release|Any CPU = Release|Any CPU
	EndGlobalSection
	GlobalSection(ProjectConfigurationPlatforms) = postSolution
		{4244F9DD-9A1B-4586-BBFC-FCB0BA5A11CB}.Debug|Any CPU.ActiveCfg = Debug|Any CPU
		{4244F9DD-9A1B-4586-BBFC-FCB0BA5A11CB}.Debug|Any CPU.Build.0 = Debug|Any CPU
		{4244F9DD-9A1B-4586-BBFC-FCB0BA5A11CB}.Release|Any CPU.ActiveCfg = Release|Any CPU
		{4244F9DD-9A1B-4586-BBFC-FCB0BA5A11CB}.Release|Any CPU.Build.0 = Release|Any CPU
	EndGlobalSection
	GlobalSection(SolutionProperties) = preSolution
		HideSolutionNode = FALSE
	EndGlobalSection
	GlobalSection(ExtensibilityGlobals) = postSolution
		SolutionGuid = {F0E9AFE4-13FA-4D6B-A23F-61E760763DC4}
	EndGlobalSection
EndGlobal
